[[package]]
name = "aiofiles"
version = "0.8.0"
description = "File support for asyncio."
category = "main"
optional = false
python-versions = ">=3.6,<4.0"

[[package]]
name = "aiohttp"
version = "3.8.1"
description = "Async http client/server framework (asyncio)"
category = "main"
optional = false
python-versions = ">=3.6"

[package.dependencies]
aiosignal = ">=1.1.2"
async-timeout = ">=4.0.0a3,<5.0"
attrs = ">=17.3.0"
charset-normalizer = ">=2.0,<3.0"
frozenlist = ">=1.1.1"
multidict = ">=4.5,<7.0"
yarl = ">=1.0,<2.0"

[package.extras]
speedups = ["cchardet", "brotli", "aiodns"]

[[package]]
name = "aiosignal"
version = "1.2.0"
description = "aiosignal: a list of registered asynchronous callbacks"
category = "main"
optional = false
python-versions = ">=3.6"

[package.dependencies]
frozenlist = ">=1.1.0"

[[package]]
name = "aiosqlite"
version = "0.17.0"
description = "asyncio bridge to the standard sqlite3 module"
category = "main"
optional = false
python-versions = ">=3.6"

[package.dependencies]
typing_extensions = ">=3.7.2"

[[package]]
name = "anyio"
version = "3.6.1"
description = "High level compatibility layer for multiple asynchronous event loop implementations"
category = "dev"
optional = false
python-versions = ">=3.6.2"

[package.dependencies]
idna = ">=2.8"
sniffio = ">=1.1"

[package.extras]
trio = ["trio (>=0.16)"]
test = ["uvloop (>=0.15)", "mock (>=4)", "uvloop (<0.15)", "contextlib2", "trustme", "pytest-mock (>=3.6.1)", "pytest (>=7.0)", "hypothesis (>=4.0)", "coverage[toml] (>=4.5)"]
doc = ["sphinx-autodoc-typehints (>=1.2.0)", "sphinx-rtd-theme", "packaging"]

[[package]]
name = "async-timeout"
version = "4.0.2"
description = "Timeout context manager for asyncio programs"
category = "main"
optional = false
python-versions = ">=3.6"

[[package]]
name = "atomicwrites"
version = "1.4.1"
description = "Atomic file writes."
category = "dev"
optional = false
python-versions = ">=2.7, !=3.0.*, !=3.1.*, !=3.2.*, !=3.3.*"

[[package]]
name = "attrs"
version = "22.1.0"
description = "Classes Without Boilerplate"
category = "main"
optional = false
python-versions = ">=3.5"

[package.extras]
tests_no_zope = ["cloudpickle", "pytest-mypy-plugins", "mypy (>=0.900,!=0.940)", "pytest (>=4.3.0)", "pympler", "hypothesis", "coverage[toml] (>=5.0.2)"]
tests = ["cloudpickle", "zope.interface", "pytest-mypy-plugins", "mypy (>=0.900,!=0.940)", "pytest (>=4.3.0)", "pympler", "hypothesis", "coverage[toml] (>=5.0.2)"]
docs = ["sphinx-notfound-page", "zope.interface", "sphinx", "furo"]
dev = ["cloudpickle", "pre-commit", "sphinx-notfound-page", "sphinx", "furo", "zope.interface", "pytest-mypy-plugins", "mypy (>=0.900,!=0.940)", "pytest (>=4.3.0)", "pympler", "hypothesis", "coverage[toml] (>=5.0.2)"]

[[package]]
name = "bandit"
version = "1.7.4"
description = "Security oriented static analyser for python code."
category = "dev"
optional = false
python-versions = ">=3.7"

[package.dependencies]
colorama = {version = ">=0.3.9", markers = "platform_system == \"Windows\""}
GitPython = ">=1.0.1"
PyYAML = ">=5.3.1"
stevedore = ">=1.20.0"
toml = {version = "*", optional = true, markers = "extra == \"toml\""}

[package.extras]
yaml = ["pyyaml"]
toml = ["toml"]
test = ["pylint (==1.9.4)", "beautifulsoup4 (>=4.8.0)", "toml", "testtools (>=2.3.0)", "testscenarios (>=0.5.0)", "stestr (>=2.5.0)", "flake8 (>=4.0.0)", "fixtures (>=3.0.0)", "coverage (>=4.5.4)"]

[[package]]
name = "base58"
version = "2.1.1"
description = "Base58 and Base58Check implementation."
category = "main"
optional = false
python-versions = ">=3.5"

[package.extras]
tests = ["pytest-flake8", "pytest-cov", "pytest-benchmark", "pytest (>=4.6)", "PyHamcrest (>=2.0.2)", "mypy"]

[[package]]
name = "bitarray"
version = "1.2.2"
description = "efficient arrays of booleans -- C extension"
category = "main"
optional = false
python-versions = "*"

[[package]]
name = "black"
version = "22.6.0"
description = "The uncompromising code formatter."
category = "dev"
optional = false
python-versions = ">=3.6.2"

[package.dependencies]
click = ">=8.0.0"
mypy-extensions = ">=0.4.3"
pathspec = ">=0.9.0"
platformdirs = ">=2"
tomli = {version = ">=1.1.0", markers = "python_full_version < \"3.11.0a7\""}

[package.extras]
colorama = ["colorama (>=0.4.3)"]
d = ["aiohttp (>=3.7.4)"]
jupyter = ["ipython (>=7.8.0)", "tokenize-rt (>=3.2.0)"]
uvloop = ["uvloop (>=0.15.2)"]

[[package]]
name = "certifi"
version = "2022.6.15"
description = "Python package for providing Mozilla's CA Bundle."
category = "main"
optional = false
python-versions = ">=3.6"

[[package]]
name = "charset-normalizer"
version = "2.1.1"
description = "The Real First Universal Charset Detector. Open, modern and actively maintained alternative to Chardet."
category = "main"
optional = false
python-versions = ">=3.6.0"

[package.extras]
unicode_backport = ["unicodedata2"]

[[package]]
name = "click"
version = "8.1.3"
description = "Composable command line interface toolkit"
category = "dev"
optional = false
python-versions = ">=3.7"

[package.dependencies]
colorama = {version = "*", markers = "platform_system == \"Windows\""}

[[package]]
name = "colorama"
version = "0.4.5"
description = "Cross-platform colored terminal text."
category = "dev"
optional = false
python-versions = ">=2.7, !=3.0.*, !=3.1.*, !=3.2.*, !=3.3.*, !=3.4.*"

[[package]]
name = "commonmark"
version = "0.9.1"
description = "Python parser for the CommonMark Markdown spec"
category = "dev"
optional = false
python-versions = "*"

[package.extras]
test = ["hypothesis (==3.55.3)", "flake8 (==3.7.8)"]

[[package]]
name = "coverage"
version = "6.4.4"
description = "Code coverage measurement for Python"
category = "dev"
optional = false
python-versions = ">=3.7"

[package.extras]
toml = ["tomli"]

[[package]]
name = "crytic-compile"
version = "0.2.3"
description = "Util to facilitate smart contracts compilation."
category = "dev"
optional = false
python-versions = ">=3.6"

[package.dependencies]
pysha3 = ">=1.0.2"

[[package]]
name = "cytoolz"
version = "0.12.0"
description = "Cython implementation of Toolz: High performance functional utilities"
category = "main"
optional = false
python-versions = ">=3.5"

[package.dependencies]
toolz = ">=0.8.0"

[package.extras]
cython = ["cython"]

[[package]]
name = "eth-abi"
version = "3.0.1"
description = "eth_abi: Python utilities for working with Ethereum ABI definitions, especially encoding and decoding"
category = "main"
optional = false
python-versions = ">=3.7, <4"

[package.dependencies]
eth-typing = ">=3.0.0,<4.0.0"
eth-utils = ">=2.0.0,<3.0.0"
parsimonious = ">=0.8.0,<0.9.0"

[package.extras]
dev = ["bumpversion (>=0.5.3,<1)", "pytest-watch (>=4.1.0,<5)", "wheel", "twine", "ipython", "pytest (>=6.2.5,<7)", "pytest-pythonpath (>=0.7.1)", "pytest-xdist (>=2.5.0,<3)", "tox (>=2.9.1,<3)", "eth-hash", "hypothesis (>=4.18.2,<5.0.0)", "flake8 (==4.0.1)", "isort (>=4.2.15,<5)", "mypy (==0.910)", "pydocstyle (>=6.0.0,<7)", "black", "Sphinx (>=1.6.5,<2)", "jinja2 (>=3.0.0,<3.1.0)", "sphinx-rtd-theme (>=0.1.9)", "towncrier (>=21,<22)"]
doc = ["Sphinx (>=1.6.5,<2)", "jinja2 (>=3.0.0,<3.1.0)", "sphinx-rtd-theme (>=0.1.9)", "towncrier (>=21,<22)"]
lint = ["flake8 (==4.0.1)", "isort (>=4.2.15,<5)", "mypy (==0.910)", "pydocstyle (>=6.0.0,<7)", "black"]
test = ["pytest (>=6.2.5,<7)", "pytest-pythonpath (>=0.7.1)", "pytest-xdist (>=2.5.0,<3)", "tox (>=2.9.1,<3)", "eth-hash", "hypothesis (>=4.18.2,<5.0.0)"]
tools = ["hypothesis (>=4.18.2,<5.0.0)"]

[[package]]
name = "eth-account"
version = "0.6.1"
description = "eth-account: Sign Ethereum transactions and messages with local private keys"
category = "main"
optional = false
python-versions = ">=3.6, <4"

[package.dependencies]
bitarray = ">=1.2.1,<1.3.0"
eth-abi = ">=3.0.0,<4"
eth-keyfile = ">=0.6.0,<0.7.0"
eth-keys = ">=0.4.0,<0.5"
eth-rlp = ">=0.3.0,<1"
eth-utils = ">=2.0.0,<3"
hexbytes = ">=0.1.0,<1"
rlp = ">=1.0.0,<4"

[package.extras]
test = ["tox (==3.14.6)", "pytest-xdist", "pytest (>=6.2.5,<7)", "hypothesis (>=4.18.0,<5)"]
lint = ["pydocstyle (>=5.0.0,<6)", "mypy (==0.770)", "isort (>=4.2.15,<5)", "flake8 (==3.7.9)"]
doc = ["towncrier (>=19.2.0,<20)", "sphinx-rtd-theme (>=0.1.9,<1)", "Sphinx (>=1.6.5,<2)"]
dev = ["towncrier (>=19.2.0,<20)", "sphinx-rtd-theme (>=0.1.9,<1)", "Sphinx (>=1.6.5,<2)", "pydocstyle (>=5.0.0,<6)", "mypy (==0.770)", "isort (>=4.2.15,<5)", "flake8 (==3.7.9)", "tox (==3.14.6)", "pytest-xdist", "pytest (>=6.2.5,<7)", "hypothesis (>=4.18.0,<5)", "ipython", "twine", "wheel", "pytest-watch (>=4.1.0,<5)", "bumpversion (>=0.5.3,<1)"]

[[package]]
name = "eth-hash"
version = "0.3.3"
description = "eth-hash: The Ethereum hashing function, keccak256, sometimes (erroneously) called sha3"
category = "main"
optional = false
python-versions = ">=3.5, <4"

[package.dependencies]
pycryptodome = {version = ">=3.6.6,<4", optional = true, markers = "extra == \"pycryptodome\""}

[package.extras]
test = ["tox (==3.14.6)", "pytest-xdist", "pytest (==5.4.1)"]
pysha3 = ["pysha3 (>=1.0.0,<2.0.0)"]
pycryptodome = ["pycryptodome (>=3.6.6,<4)"]
lint = ["pydocstyle (>=5.0.0,<6)", "mypy (==0.770)", "isort (>=4.2.15,<5)", "flake8 (==3.7.9)"]
doc = ["towncrier (>=19.2.0,<20)", "sphinx-rtd-theme (>=0.1.9,<1)", "Sphinx (>=1.6.5,<2)"]
dev = ["towncrier (>=19.2.0,<20)", "sphinx-rtd-theme (>=0.1.9,<1)", "Sphinx (>=1.6.5,<2)", "pydocstyle (>=5.0.0,<6)", "mypy (==0.770)", "isort (>=4.2.15,<5)", "flake8 (==3.7.9)", "tox (==3.14.6)", "pytest-xdist", "pytest (==5.4.1)", "ipython", "twine", "wheel", "pytest-watch (>=4.1.0,<5)", "bumpversion (>=0.5.3,<1)"]

[[package]]
name = "eth-keyfile"
version = "0.6.0"
description = "A library for handling the encrypted keyfiles used to store ethereum private keys."
category = "main"
optional = false
python-versions = "*"

[package.dependencies]
eth-keys = ">=0.4.0,<0.5.0"
eth-utils = ">=2,<3"
pycryptodome = ">=3.6.6,<4"

[package.extras]
test = ["pytest (>=6.2.5,<7)"]
lint = ["flake8 (==4.0.1)"]
keyfile = ["pycryptodome (>=3.6.6,<4)", "eth-keys (>=0.4.0,<0.5.0)", "eth-utils (>=2,<3)"]
dev = ["flake8 (==4.0.1)", "pytest (>=6.2.5,<7)", "twine", "tox (>=2.7.0)", "requests (>=2.20,<3)", "idna (==2.7)", "pluggy (>=1.0.0,<2)", "setuptools (>=36.2.0)", "wheel", "bumpversion (>=0.5.3,<1)", "pycryptodome (>=3.6.6,<4)", "eth-keys (>=0.4.0,<0.5.0)", "eth-utils (>=2,<3)"]

[[package]]
name = "eth-keys"
version = "0.4.0"
description = "Common API for Ethereum key operations."
category = "main"
optional = false
python-versions = "*"

[package.dependencies]
eth-typing = ">=3.0.0,<4"
eth-utils = ">=2.0.0,<3.0.0"

[package.extras]
test = ["eth-hash", "eth-hash", "hypothesis (>=5.10.3,<6.0.0)", "pytest (==6.2.5)", "pyasn1 (>=0.4.5,<0.5)", "factory-boy (>=3.0.1,<3.1)", "asn1tools (>=0.146.2,<0.147)"]
lint = ["mypy (==0.782)", "flake8 (==3.0.4)"]
eth-keys = ["eth-typing (>=3.0.0,<4)", "eth-utils (>=2.0.0,<3.0.0)"]
dev = ["eth-hash", "eth-hash", "hypothesis (>=5.10.3,<6.0.0)", "pytest (==6.2.5)", "pyasn1 (>=0.4.5,<0.5)", "factory-boy (>=3.0.1,<3.1)", "asn1tools (>=0.146.2,<0.147)", "mypy (==0.782)", "flake8 (==3.0.4)", "eth-typing (>=3.0.0,<4)", "eth-utils (>=2.0.0,<3.0.0)", "twine", "bumpversion (==0.5.3)", "tox (==3.20.0)"]
coincurve = ["coincurve (>=7.0.0,<16.0.0)"]

[[package]]
name = "eth-rlp"
version = "0.3.0"
description = "eth-rlp: RLP definitions for common Ethereum objects in Python"
category = "main"
optional = false
python-versions = ">=3.7, <4"

[package.dependencies]
eth-utils = ">=2.0.0,<3"
hexbytes = ">=0.1.0,<1"
rlp = ">=0.6.0,<4"

[package.extras]
test = ["tox (==3.14.6)", "pytest-xdist", "pytest (>=6.2.5,<7)", "eth-hash"]
lint = ["pydocstyle (>=3.0.0,<4)", "mypy (==0.770)", "isort (>=4.2.15,<5)", "flake8 (==3.7.9)"]
doc = ["towncrier (>=19.2.0,<20)", "sphinx-rtd-theme (>=0.1.9)", "Sphinx (>=1.6.5,<2)"]
dev = ["towncrier (>=19.2.0,<20)", "sphinx-rtd-theme (>=0.1.9)", "Sphinx (>=1.6.5,<2)", "pydocstyle (>=3.0.0,<4)", "mypy (==0.770)", "isort (>=4.2.15,<5)", "flake8 (==3.7.9)", "tox (==3.14.6)", "pytest-xdist", "pytest (>=6.2.5,<7)", "eth-hash", "ipython", "twine", "wheel", "pytest-watch (>=4.1.0,<5)", "bumpversion (>=0.5.3,<1)"]

[[package]]
name = "eth-typing"
version = "3.1.0"
description = "eth-typing: Common type annotations for ethereum python packages"
category = "main"
optional = false
python-versions = ">=3.6, <3.11"

[package.extras]
test = ["tox (>=2.9.1,<3)", "pytest-xdist", "pytest (>=6.2.5,<7)"]
lint = ["pydocstyle (>=3.0.0,<4)", "mypy (==0.782)", "isort (>=4.2.15,<5)", "flake8 (==3.8.3)"]
doc = ["towncrier (>=21,<22)", "sphinx-rtd-theme (>=0.1.9)", "sphinx (>=4.2.0,<5)"]
dev = ["towncrier (>=21,<22)", "sphinx-rtd-theme (>=0.1.9)", "sphinx (>=4.2.0,<5)", "pydocstyle (>=3.0.0,<4)", "mypy (==0.782)", "isort (>=4.2.15,<5)", "flake8 (==3.8.3)", "tox (>=2.9.1,<3)", "pytest-xdist", "pytest (>=6.2.5,<7)", "ipython", "twine", "wheel", "pytest-watch (>=4.1.0,<5)", "bumpversion (>=0.5.3,<1)"]

[[package]]
name = "eth-utils"
version = "2.0.0"
description = "eth-utils: Common utility functions for python code that interacts with Ethereum"
category = "main"
optional = false
python-versions = ">=3.6,<4"

[package.dependencies]
cytoolz = {version = ">=0.10.1,<1.0.0", markers = "implementation_name == \"cpython\""}
eth-hash = ">=0.3.1,<0.4.0"
eth-typing = ">=3.0.0,<4.0.0"
toolz = {version = ">0.8.2,<1", markers = "implementation_name == \"pypy\""}

[package.extras]
test = ["tox (==3.14.6)", "pytest-xdist", "pytest (>=6.2.5,<7)", "hypothesis (>=4.43.0,<5.0.0)"]
lint = ["pytest (>=3.4.1,<4.0.0)", "pydocstyle (>=5.0.0,<6)", "mypy (==0.720)", "isort (>=4.2.15,<5)", "flake8 (==3.7.9)", "black (>=18.6b4,<19)"]
doc = ["towncrier (>=19.2.0,<20)", "sphinx-rtd-theme (>=0.1.9,<2)", "Sphinx (>=1.6.5,<2)"]
dev = ["towncrier (>=19.2.0,<20)", "sphinx-rtd-theme (>=0.1.9,<2)", "Sphinx (>=1.6.5,<2)", "pytest (>=3.4.1,<4.0.0)", "pydocstyle (>=5.0.0,<6)", "mypy (==0.720)", "isort (>=4.2.15,<5)", "flake8 (==3.7.9)", "black (>=18.6b4,<19)", "tox (==3.14.6)", "pytest-xdist", "pytest (>=6.2.5,<7)", "hypothesis (>=4.43.0,<5.0.0)", "ipython", "twine (>=1.13,<2)", "wheel (>=0.30.0,<1.0.0)", "pytest-watch (>=4.1.0,<5)", "bumpversion (>=0.5.3,<1)"]

[[package]]
name = "flake8"
version = "4.0.1"
description = "the modular source code checker: pep8 pyflakes and co"
category = "dev"
optional = false
python-versions = ">=3.6"

[package.dependencies]
mccabe = ">=0.6.0,<0.7.0"
pycodestyle = ">=2.8.0,<2.9.0"
pyflakes = ">=2.4.0,<2.5.0"

[[package]]
name = "flake8-annotations"
version = "2.9.1"
description = "Flake8 Type Annotation Checks"
category = "dev"
optional = false
python-versions = ">=3.7,<4.0"

[package.dependencies]
attrs = ">=21.4"
flake8 = ">=3.7"

[[package]]
name = "freezegun"
version = "1.2.2"
description = "Let your Python tests travel through time"
category = "dev"
optional = false
python-versions = ">=3.6"

[package.dependencies]
python-dateutil = ">=2.7"

[[package]]
name = "frozenlist"
version = "1.3.1"
description = "A list-like structure which implements collections.abc.MutableSequence"
category = "main"
optional = false
python-versions = ">=3.7"

[[package]]
name = "gitdb"
version = "4.0.9"
description = "Git Object Database"
category = "dev"
optional = false
python-versions = ">=3.6"

[package.dependencies]
smmap = ">=3.0.1,<6"

[[package]]
name = "gitpython"
version = "3.1.27"
description = "GitPython is a python library used to interact with Git repositories"
category = "dev"
optional = false
python-versions = ">=3.7"

[package.dependencies]
gitdb = ">=4.0.1,<5"

[[package]]
name = "h11"
version = "0.12.0"
description = "A pure-Python, bring-your-own-I/O implementation of HTTP/1.1"
category = "dev"
optional = false
python-versions = ">=3.6"

[[package]]
name = "hexbytes"
version = "0.3.0"
description = "hexbytes: Python `bytes` subclass that decodes hex, with a readable console output"
category = "main"
optional = false
python-versions = ">=3.7, <4"

[package.extras]
test = ["eth-utils (>=1.0.1,<3)", "hypothesis (>=3.44.24,<=6.31.6)", "tox (>=3.25.1,<4)", "pytest-xdist", "pytest (>=7,<8)"]
lint = ["black (>=22,<23)", "pydocstyle (>=5.0.0,<6)", "mypy (==0.971)", "isort (>=4.2.15,<5)", "flake8 (==3.7.9)"]
doc = ["towncrier (>=21,<22)", "sphinx-rtd-theme (>=0.1.9,<1)", "Sphinx (>=4.0.0,<5)"]
dev = ["towncrier (>=21,<22)", "sphinx-rtd-theme (>=0.1.9,<1)", "Sphinx (>=4.0.0,<5)", "black (>=22,<23)", "pydocstyle (>=5.0.0,<6)", "mypy (==0.971)", "isort (>=4.2.15,<5)", "flake8 (==3.7.9)", "eth-utils (>=1.0.1,<3)", "hypothesis (>=3.44.24,<=6.31.6)", "tox (>=3.25.1,<4)", "pytest-xdist", "pytest (>=7,<8)", "ipython", "twine", "wheel", "pytest-watch (>=4.1.0,<5)", "bumpversion (>=0.5.3,<1)"]

[[package]]
name = "httpcore"
version = "0.15.0"
description = "A minimal low-level HTTP client."
category = "dev"
optional = false
python-versions = ">=3.7"

[package.dependencies]
anyio = ">=3.0.0,<4.0.0"
certifi = "*"
h11 = ">=0.11,<0.13"
sniffio = ">=1.0.0,<2.0.0"

[package.extras]
socks = ["socksio (>=1.0.0,<2.0.0)"]
http2 = ["h2 (>=3,<5)"]

[[package]]
name = "httptools"
version = "0.4.0"
description = "A collection of framework independent HTTP protocol utils."
category = "main"
optional = false
python-versions = ">=3.5.0"

[package.extras]
test = ["Cython (>=0.29.24,<0.30.0)"]

[[package]]
name = "httpx"
version = "0.23.0"
description = "The next generation HTTP client."
category = "dev"
optional = false
python-versions = ">=3.7"

[package.dependencies]
certifi = "*"
httpcore = ">=0.15.0,<0.16.0"
rfc3986 = {version = ">=1.3,<2", extras = ["idna2008"]}
sniffio = "*"

[package.extras]
socks = ["socksio (>=1.0.0,<2.0.0)"]
http2 = ["h2 (>=3,<5)"]
cli = ["pygments (>=2.0.0,<3.0.0)", "rich (>=10,<13)", "click (>=8.0.0,<9.0.0)"]
brotli = ["brotli", "brotlicffi"]

[[package]]
name = "idna"
version = "3.3"
description = "Internationalized Domain Names in Applications (IDNA)"
category = "main"
optional = false
python-versions = ">=3.5"

[[package]]
name = "iniconfig"
version = "1.1.1"
description = "iniconfig: brain-dead simple config-ini parsing"
category = "dev"
optional = false
python-versions = "*"

[[package]]
name = "ipfshttpclient"
version = "0.8.0a2"
description = "Python IPFS HTTP CLIENT library"
category = "main"
optional = false
python-versions = ">=3.6.2,!=3.7.0,!=3.7.1"

[package.dependencies]
multiaddr = ">=0.0.7"
requests = ">=2.11"

[[package]]
name = "iso8601"
version = "1.0.2"
description = "Simple module to parse ISO 8601 dates"
category = "main"
optional = false
python-versions = ">=3.6.2,<4.0"

[[package]]
name = "isort"
version = "5.10.1"
description = "A Python utility / library to sort Python imports."
category = "dev"
optional = false
python-versions = ">=3.6.1,<4.0"

[package.extras]
plugins = ["setuptools"]
colors = ["colorama (>=0.4.3,<0.5.0)"]
requirements_deprecated_finder = ["pip-api", "pipreqs"]
pipfile_deprecated_finder = ["requirementslib", "pipreqs"]

[[package]]
name = "jinja2"
version = "3.1.2"
description = "A very fast and expressive template engine."
category = "main"
optional = false
python-versions = ">=3.7"

[package.dependencies]
MarkupSafe = ">=2.0"

[package.extras]
i18n = ["Babel (>=2.7)"]

[[package]]
name = "jsonschema"
version = "4.14.0"
description = "An implementation of JSON Schema validation for Python"
category = "main"
optional = false
python-versions = ">=3.7"

[package.dependencies]
attrs = ">=17.4.0"
pyrsistent = ">=0.14.0,<0.17.0 || >0.17.0,<0.17.1 || >0.17.1,<0.17.2 || >0.17.2"

[package.extras]
format-nongpl = ["webcolors (>=1.11)", "uri-template", "rfc3986-validator (>0.1.0)", "rfc3339-validator", "jsonpointer (>1.13)", "isoduration", "idna", "fqdn"]
format = ["webcolors (>=1.11)", "uri-template", "rfc3987", "rfc3339-validator", "jsonpointer (>1.13)", "isoduration", "idna", "fqdn"]

[[package]]
name = "lru-dict"
version = "1.1.8"
description = "An Dict like LRU container."
category = "main"
optional = false
python-versions = "*"

[package.extras]
test = ["pytest"]

[[package]]
name = "markupsafe"
version = "2.1.1"
description = "Safely add untrusted strings to HTML/XML markup."
category = "main"
optional = false
python-versions = ">=3.7"

[[package]]
name = "mccabe"
version = "0.6.1"
description = "McCabe checker, plugin for flake8"
category = "dev"
optional = false
python-versions = "*"

[[package]]
name = "multiaddr"
version = "0.0.9"
description = "Python implementation of jbenet's multiaddr"
category = "main"
optional = false
python-versions = ">=2.7,!=3.0.*,!=3.1.*,!=3.2.*,!=3.3.*"

[package.dependencies]
base58 = "*"
netaddr = "*"
six = "*"
varint = "*"

[[package]]
name = "multidict"
version = "6.0.2"
description = "multidict implementation"
category = "main"
optional = false
python-versions = ">=3.7"

[[package]]
name = "mypy"
version = "0.961"
description = "Optional static typing for Python"
category = "dev"
optional = false
python-versions = ">=3.6"

[package.dependencies]
mypy-extensions = ">=0.4.3"
tomli = {version = ">=1.1.0", markers = "python_version < \"3.11\""}
typing-extensions = ">=3.10"

[package.extras]
reports = ["lxml"]
python2 = ["typed-ast (>=1.4.0,<2)"]
dmypy = ["psutil (>=4.0)"]

[[package]]
name = "mypy-extensions"
version = "0.4.3"
description = "Experimental type system extensions for programs checked with the mypy typechecker."
category = "dev"
optional = false
python-versions = "*"

[[package]]
name = "netaddr"
version = "0.8.0"
description = "A network address manipulation library for Python"
category = "main"
optional = false
python-versions = "*"

[[package]]
name = "packaging"
version = "21.3"
description = "Core utilities for Python packages"
category = "dev"
optional = false
python-versions = ">=3.6"

[package.dependencies]
pyparsing = ">=2.0.2,<3.0.5 || >3.0.5"

[[package]]
name = "parsimonious"
version = "0.8.1"
description = "(Soon to be) the fastest pure-Python PEG parser I could muster"
category = "main"
optional = false
python-versions = "*"

[package.dependencies]
six = ">=1.9.0"

[[package]]
name = "pathspec"
version = "0.9.0"
description = "Utility library for gitignore style pattern matching of file paths."
category = "dev"
optional = false
python-versions = "!=3.0.*,!=3.1.*,!=3.2.*,!=3.3.*,!=3.4.*,>=2.7"

[[package]]
name = "pbr"
version = "5.10.0"
description = "Python Build Reasonableness"
category = "dev"
optional = false
python-versions = ">=2.6"

[[package]]
name = "platformdirs"
version = "2.5.2"
description = "A small Python module for determining appropriate platform-specific dirs, e.g. a \"user data dir\"."
category = "dev"
optional = false
python-versions = ">=3.7"

[package.extras]
test = ["pytest (>=6)", "pytest-mock (>=3.6)", "pytest-cov (>=2.7)", "appdirs (==1.4.4)"]
docs = ["sphinx (>=4)", "sphinx-autodoc-typehints (>=1.12)", "proselint (>=0.10.2)", "furo (>=2021.7.5b38)"]

[[package]]
name = "pluggy"
version = "1.0.0"
description = "plugin and hook calling mechanisms for python"
category = "dev"
optional = false
python-versions = ">=3.6"

[package.extras]
testing = ["pytest-benchmark", "pytest"]
dev = ["tox", "pre-commit"]

[[package]]
name = "pprintpp"
version = "0.4.0"
description = "A drop-in replacement for pprint that's actually pretty"
category = "dev"
optional = false
python-versions = "*"

[[package]]
name = "prettytable"
version = "3.3.0"
description = "A simple Python library for easily displaying tabular data in a visually appealing ASCII table format"
category = "dev"
optional = false
python-versions = ">=3.7"

[package.dependencies]
wcwidth = "*"

[package.extras]
tests = ["pytest-lazy-fixture", "pytest-cov", "pytest"]

[[package]]
name = "protobuf"
version = "3.20.1"
description = "Protocol Buffers"
category = "main"
optional = false
python-versions = ">=3.7"

[[package]]
name = "py"
version = "1.11.0"
description = "library with cross-python path, ini-parsing, io, code, log facilities"
category = "dev"
optional = false
python-versions = ">=2.7, !=3.0.*, !=3.1.*, !=3.2.*, !=3.3.*, !=3.4.*"

[[package]]
name = "pycodestyle"
version = "2.8.0"
description = "Python style guide checker"
category = "dev"
optional = false
python-versions = ">=2.7, !=3.0.*, !=3.1.*, !=3.2.*, !=3.3.*, !=3.4.*"

[[package]]
name = "pycryptodome"
version = "3.15.0"
description = "Cryptographic library for Python"
category = "main"
optional = false
python-versions = ">=2.7, !=3.0.*, !=3.1.*, !=3.2.*, !=3.3.*, !=3.4.*"

[[package]]
name = "pyflakes"
version = "2.4.0"
description = "passive checker of Python programs"
category = "dev"
optional = false
python-versions = ">=2.7, !=3.0.*, !=3.1.*, !=3.2.*, !=3.3.*"

[[package]]
name = "pygments"
version = "2.13.0"
description = "Pygments is a syntax highlighting package written in Python."
category = "dev"
optional = false
python-versions = ">=3.6"

[package.extras]
plugins = ["importlib-metadata"]

[[package]]
name = "pyparsing"
version = "3.0.9"
description = "pyparsing module - Classes and methods to define and execute parsing grammars"
category = "dev"
optional = false
python-versions = ">=3.6.8"

[package.extras]
diagrams = ["jinja2", "railroad-diagrams"]

[[package]]
name = "pypika-tortoise"
version = "0.1.6"
description = "Forked from pypika and streamline just for tortoise-orm"
category = "main"
optional = false
python-versions = ">=3.7,<4.0"

[[package]]
name = "pyrsistent"
version = "0.18.1"
description = "Persistent/Functional/Immutable data structures"
category = "main"
optional = false
python-versions = ">=3.7"

[[package]]
name = "pysha3"
version = "1.0.2"
description = "SHA-3 (Keccak) for Python 2.7 - 3.5"
category = "dev"
optional = false
python-versions = "*"

[[package]]
name = "pytest"
version = "7.1.2"
description = "pytest: simple powerful testing with Python"
category = "dev"
optional = false
python-versions = ">=3.7"

[package.dependencies]
atomicwrites = {version = ">=1.0", markers = "sys_platform == \"win32\""}
attrs = ">=19.2.0"
colorama = {version = "*", markers = "sys_platform == \"win32\""}
iniconfig = "*"
packaging = "*"
pluggy = ">=0.12,<2.0"
py = ">=1.8.2"
tomli = ">=1.0.0"

[package.extras]
testing = ["xmlschema", "requests", "pygments (>=2.7.2)", "nose", "mock", "hypothesis (>=3.56)", "argcomplete"]

[[package]]
name = "pytest-asyncio"
version = "0.19.0"
description = "Pytest support for asyncio"
category = "dev"
optional = false
python-versions = ">=3.7"

[package.dependencies]
pytest = ">=6.1.0"

[package.extras]
testing = ["coverage (>=6.2)", "hypothesis (>=5.7.1)", "flaky (>=3.5.0)", "mypy (>=0.931)", "pytest-trio (>=0.7.0)"]

[[package]]
name = "pytest-clarity"
version = "1.0.1"
description = "A plugin providing an alternative, colourful diff output for failing assertions."
category = "dev"
optional = false
python-versions = ">=2.7, !=3.0.*, !=3.1.*, !=3.2.*, !=3.3.*"

[package.dependencies]
pprintpp = ">=0.4.0"
pytest = ">=3.5.0"
rich = ">=8.0.0"

[[package]]
name = "pytest-freezegun"
version = "0.4.2"
description = "Wrap tests with fixtures in freeze_time"
category = "dev"
optional = false
python-versions = "*"

[package.dependencies]
freezegun = ">0.3"
pytest = ">=3.0.0"

[[package]]
name = "pytest-sugar"
version = "0.9.5"
description = "pytest-sugar is a plugin for pytest that changes the default look and feel of pytest (e.g. progressbar, show tests that fail instantly)."
category = "dev"
optional = false
python-versions = "*"

[package.dependencies]
packaging = ">=14.1"
pytest = ">=2.9"
termcolor = ">=1.1.0"

[[package]]
name = "python-dateutil"
version = "2.8.2"
description = "Extensions to the standard Python datetime module"
category = "dev"
optional = false
python-versions = "!=3.0.*,!=3.1.*,!=3.2.*,>=2.7"

[package.dependencies]
six = ">=1.5"

[[package]]
name = "python-dotenv"
version = "0.20.0"
description = "Read key-value pairs from a .env file and set them as environment variables"
category = "main"
optional = false
python-versions = ">=3.5"

[package.extras]
cli = ["click (>=5.0)"]

[[package]]
name = "pytz"
version = "2022.2.1"
description = "World timezone definitions, modern and historical"
category = "main"
optional = false
python-versions = "*"

[[package]]
name = "pywin32"
version = "304"
description = "Python for Window Extensions"
category = "main"
optional = false
python-versions = "*"

[[package]]
name = "pyyaml"
version = "6.0"
description = "YAML parser and emitter for Python"
category = "main"
optional = false
python-versions = ">=3.6"

[[package]]
name = "requests"
version = "2.28.1"
description = "Python HTTP for Humans."
category = "main"
optional = false
python-versions = ">=3.7, <4"

[package.dependencies]
certifi = ">=2017.4.17"
charset-normalizer = ">=2,<3"
idna = ">=2.5,<4"
urllib3 = ">=1.21.1,<1.27"

[package.extras]
use_chardet_on_py3 = ["chardet (>=3.0.2,<6)"]
socks = ["PySocks (>=1.5.6,!=1.5.7)"]

[[package]]
name = "rfc3986"
version = "1.5.0"
description = "Validating URI References per RFC 3986"
category = "dev"
optional = false
python-versions = "*"

[package.dependencies]
idna = {version = "*", optional = true, markers = "extra == \"idna2008\""}

[package.extras]
idna2008 = ["idna"]

[[package]]
name = "rich"
version = "12.5.1"
description = "Render rich text, tables, progress bars, syntax highlighting, markdown and more to the terminal"
category = "dev"
optional = false
python-versions = ">=3.6.3,<4.0.0"

[package.dependencies]
commonmark = ">=0.9.0,<0.10.0"
pygments = ">=2.6.0,<3.0.0"

[package.extras]
jupyter = ["ipywidgets (>=7.5.1,<8.0.0)"]

[[package]]
name = "rlp"
version = "3.0.0"
description = "A package for Recursive Length Prefix encoding and decoding"
category = "main"
optional = false
python-versions = "*"

[package.dependencies]
eth-utils = ">=2.0.0,<3"

[package.extras]
test = ["hypothesis (==5.19.0)", "tox (>=2.9.1,<3)", "pytest (>=6.2.5,<7)"]
rust-backend = ["rusty-rlp (>=0.2.1,<0.3)"]
lint = ["flake8 (==3.4.1)"]
doc = ["sphinx-rtd-theme (>=0.1.9)", "Sphinx (>=1.6.5,<2)"]
dev = ["sphinx-rtd-theme (>=0.1.9)", "Sphinx (>=1.6.5,<2)", "flake8 (==3.4.1)", "hypothesis (==5.19.0)", "tox (>=2.9.1,<3)", "pytest (>=6.2.5,<7)", "twine", "ipython", "wheel", "pytest-watch (>=4.1.0,<5)", "pytest-xdist", "setuptools (>=36.2.0)", "bumpversion (>=0.5.3,<1)"]

[[package]]
name = "sanic"
version = "22.6.2"
description = "A web server and web framework that's written to go fast. Build fast. Run fast."
category = "main"
optional = false
python-versions = ">=3.7"

[package.dependencies]
aiofiles = ">=0.6.0"
httptools = ">=0.0.10"
multidict = ">=5.0,<7.0"
sanic-ext = {version = "*", optional = true, markers = "extra == \"ext\""}
sanic-routing = ">=22.3.0,<22.6.0"
ujson = {version = ">=1.35", markers = "sys_platform != \"win32\" and implementation_name == \"cpython\""}
uvloop = {version = ">=0.5.3", markers = "sys_platform != \"win32\" and implementation_name == \"cpython\""}
websockets = ">=10.0"

[package.extras]
test = ["types-ujson", "slotscheck (>=0.8.0,<1)", "uvicorn (<0.15.0)", "pygments", "docutils", "mypy (>=0.901,<0.910)", "bandit", "isort (>=5.0.0)", "black", "flake8", "chardet (>=3.0.0,<4.0.0)", "pytest-benchmark", "pytest-sugar", "pytest-sanic", "beautifulsoup4", "pytest-cov", "gunicorn (==20.0.4)", "coverage (==5.3)", "pytest (==6.2.5)", "sanic-testing (>=22.3.0)"]
http3 = ["aioquic"]
ext = ["sanic-ext"]
docs = ["mistune (<2.0.0)", "enum-tools", "m2r2", "pygments", "docutils", "sphinx-rtd-theme (>=0.4.3)", "sphinx (>=2.1.2)"]
dev = ["types-ujson", "towncrier", "tox", "cryptography", "slotscheck (>=0.8.0,<1)", "uvicorn (<0.15.0)", "pygments", "docutils", "mypy (>=0.901,<0.910)", "bandit", "isort (>=5.0.0)", "black", "flake8", "chardet (>=3.0.0,<4.0.0)", "pytest-benchmark", "pytest-sugar", "pytest-sanic", "beautifulsoup4", "pytest-cov", "gunicorn (==20.0.4)", "coverage (==5.3)", "pytest (==6.2.5)", "sanic-testing (>=22.3.0)"]
all = ["types-ujson", "tox", "enum-tools", "coverage (==5.3)", "sphinx-rtd-theme (>=0.4.3)", "beautifulsoup4", "mistune (<2.0.0)", "slotscheck (>=0.8.0,<1)", "uvicorn (<0.15.0)", "pytest-sanic", "cryptography", "chardet (>=3.0.0,<4.0.0)", "m2r2", "sanic-testing (>=22.3.0)", "sphinx (>=2.1.2)", "docutils", "gunicorn (==20.0.4)", "pytest-sugar", "bandit", "black", "pytest-benchmark", "pygments", "flake8", "isort (>=5.0.0)", "pytest (==6.2.5)", "mypy (>=0.901,<0.910)", "pytest-cov", "towncrier"]

[[package]]
name = "sanic-ext"
version = "22.6.3"
description = "Extend your Sanic installation with some core functionality."
category = "main"
optional = false
python-versions = "*"

[package.dependencies]
pyyaml = ">=3.0.0"

[package.extras]
test = ["jinja2", "tox", "pytest-asyncio", "pytest-cov", "pytest", "coverage", "sanic-testing (>=0.8)"]
dev = ["isort (>=5.0.0)", "flake8 (>=3.7.7)", "black (>=21.4b2)", "jinja2", "tox", "pytest-asyncio", "pytest-cov", "pytest", "coverage", "sanic-testing (>=0.8)"]

[[package]]
name = "sanic-routing"
version = "22.3.0"
description = "Core routing component for Sanic"
category = "main"
optional = false
python-versions = "*"

[[package]]
name = "sanic-testing"
version = "22.6.0"
description = "Core testing clients for Sanic"
category = "dev"
optional = false
python-versions = "*"

[package.dependencies]
httpx = ">=0.18,<0.24"

[[package]]
name = "six"
version = "1.16.0"
description = "Python 2 and 3 compatibility utilities"
category = "main"
optional = false
python-versions = ">=2.7, !=3.0.*, !=3.1.*, !=3.2.*"

[[package]]
name = "slither-analyzer"
version = "0.8.3"
description = "Slither is a Solidity static analysis framework written in Python 3."
category = "dev"
optional = false
python-versions = ">=3.6"

[package.dependencies]
crytic-compile = ">=0.2.3"
prettytable = ">=0.7.2"
pysha3 = ">=1.0.2"

[[package]]
name = "smmap"
version = "5.0.0"
description = "A pure Python implementation of a sliding window memory map manager"
category = "dev"
optional = false
python-versions = ">=3.6"

[[package]]
name = "sniffio"
version = "1.2.0"
description = "Sniff out which async library your code is running under"
category = "dev"
optional = false
python-versions = ">=3.5"

[[package]]
name = "stevedore"
version = "4.0.0"
description = "Manage dynamic plugins for Python applications"
category = "dev"
optional = false
python-versions = ">=3.8"

[package.dependencies]
pbr = ">=2.0.0,<2.1.0 || >2.1.0"

[[package]]
name = "termcolor"
version = "1.1.0"
description = "ANSII Color formatting for output in terminal."
category = "dev"
optional = false
python-versions = "*"

[[package]]
name = "toml"
version = "0.10.2"
description = "Python Library for Tom's Obvious, Minimal Language"
category = "dev"
optional = false
python-versions = ">=2.6, !=3.0.*, !=3.1.*, !=3.2.*"

[[package]]
name = "tomli"
version = "2.0.1"
description = "A lil' TOML parser"
category = "dev"
optional = false
python-versions = ">=3.7"

[[package]]
name = "toolz"
version = "0.12.0"
description = "List processing tools and functional utilities"
category = "main"
optional = false
python-versions = ">=3.5"

[[package]]
name = "tortoise-orm"
version = "0.19.2"
description = "Easy async ORM for python, built with relations in mind"
category = "main"
optional = false
python-versions = ">=3.7,<4.0"

[package.dependencies]
aiosqlite = ">=0.16.0,<0.18.0"
iso8601 = ">=1.0.2,<2.0.0"
pypika-tortoise = ">=0.1.6,<0.2.0"
pytz = "*"

[package.extras]
accel = ["uvloop", "orjson", "ciso8601"]
psycopg = ["psycopg"]
asyncpg = ["asyncpg"]
asyncodbc = ["asyncodbc (>=0.1.1,<0.2.0)"]
asyncmy = ["asyncmy (>=0.2.5,<0.3.0)"]
aiomysql = ["aiomysql"]

[[package]]
name = "typing-extensions"
version = "4.3.0"
description = "Backported and Experimental Type Hints for Python 3.7+"
category = "main"
optional = false
python-versions = ">=3.7"

[[package]]
name = "ujson"
version = "5.4.0"
description = "Ultra fast JSON encoder and decoder for Python"
category = "main"
optional = false
python-versions = ">=3.7"

[[package]]
name = "urllib3"
version = "1.26.11"
description = "HTTP library with thread-safe connection pooling, file post, and more."
category = "main"
optional = false
python-versions = ">=2.7, !=3.0.*, !=3.1.*, !=3.2.*, !=3.3.*, !=3.4.*, !=3.5.*, <4"

[package.extras]
socks = ["PySocks (>=1.5.6,!=1.5.7,<2.0)"]
secure = ["ipaddress", "certifi", "idna (>=2.0.0)", "cryptography (>=1.3.4)", "pyOpenSSL (>=0.14)"]
brotli = ["brotlipy (>=0.6.0)", "brotli (>=1.0.9)", "brotlicffi (>=0.8.0)"]

[[package]]
name = "uvloop"
version = "0.16.0"
description = "Fast implementation of asyncio event loop on top of libuv"
category = "main"
optional = false
python-versions = ">=3.7"

[package.extras]
test = ["mypy (>=0.800)", "pyOpenSSL (>=19.0.0,<19.1.0)", "pycodestyle (>=2.7.0,<2.8.0)", "psutil", "flake8 (>=3.9.2,<3.10.0)", "aiohttp"]
docs = ["sphinx-rtd-theme (>=0.5.2,<0.6.0)", "sphinxcontrib-asyncio (>=0.3.0,<0.4.0)", "Sphinx (>=4.1.2,<4.2.0)"]
dev = ["mypy (>=0.800)", "pyOpenSSL (>=19.0.0,<19.1.0)", "pycodestyle (>=2.7.0,<2.8.0)", "psutil", "flake8 (>=3.9.2,<3.10.0)", "aiohttp", "sphinx-rtd-theme (>=0.5.2,<0.6.0)", "sphinxcontrib-asyncio (>=0.3.0,<0.4.0)", "Sphinx (>=4.1.2,<4.2.0)", "pytest (>=3.6.0)", "Cython (>=0.29.24,<0.30.0)"]

[[package]]
name = "varint"
version = "1.0.2"
description = "Simple python varint implementation"
category = "main"
optional = false
python-versions = "*"

[[package]]
name = "wcwidth"
version = "0.2.5"
description = "Measures the displayed width of unicode strings in a terminal"
category = "dev"
optional = false
python-versions = "*"

[[package]]
name = "web3"
version = "6.0.0b4"
description = "Web3.py"
category = "main"
optional = false
python-versions = ">=3.7.2,<3.11"

[package.dependencies]
aiohttp = ">=3.7.4.post0,<4"
eth-abi = ">=3.0.0,<4.0.0"
eth-account = ">=0.6.0,<0.7.0"
eth-hash = {version = ">=0.2.0,<1.0.0", extras = ["pycryptodome"]}
eth-typing = ">=3.0.0,<4.0.0"
eth-utils = ">=2.0.0,<3.0.0"
hexbytes = ">=0.1.0,<1.0.0"
ipfshttpclient = "0.8.0a2"
jsonschema = ">=4.0.0,<5"
lru-dict = ">=1.1.6,<2.0.0"
protobuf = ">=3.10.0,<4"
pywin32 = {version = ">=223", markers = "platform_system == \"Windows\""}
requests = ">=2.16.0,<3.0.0"
websockets = ">=10.0.0,<11"

[package.extras]
tester = ["py-geth (>=3.8.0,<4)", "eth-tester[py-evm] (==v0.6.0-beta.5)"]
linter = ["types-protobuf (==3.19.13)", "types-requests (>=2.26.1,<3)", "types-setuptools (>=57.4.4,<58)", "mypy (==0.910)", "isort (>=4.2.15,<4.3.5)", "flake8 (==3.8.3)", "black (>=22.1.0,<23.0)"]
docs = ["wheel", "urllib3", "towncrier (==18.5.0)", "toposort (>=1.4)", "sphinx-rtd-theme (>=0.1.9)", "sphinx (>=4.2.0,<5)", "pytest (>=6.2.5,<7)", "py-solc (>=0.4.0)", "py-geth (>=3.8.0,<4)", "contextlib2 (>=0.5.4)", "configparser (==3.5.0)", "click (>=5.1)", "sphinx-better-theme (>=0.1.4)", "mock"]
dev = ["when-changed (>=0.3.0,<0.4)", "pluggy (==0.13.1)", "twine (>=1.13,<2)", "tqdm (>4.32,<5)", "tox (>=1.8.0)", "setuptools (>=38.6.0)", "pytest-xdist (>=1.29,<2)", "pytest-watch (>=4.2,<5)", "pytest-pythonpath (>=0.3)", "pytest-mock (>=1.10,<2)", "pytest-asyncio (>=0.18.1,<0.19)", "hypothesis (>=3.31.2,<6)", "flaky (>=3.7.0,<4)", "bumpversion", "wheel", "urllib3", "towncrier (==18.5.0)", "toposort (>=1.4)", "sphinx-rtd-theme (>=0.1.9)", "sphinx (>=4.2.0,<5)", "pytest (>=6.2.5,<7)", "py-solc (>=0.4.0)", "contextlib2 (>=0.5.4)", "configparser (==3.5.0)", "click (>=5.1)", "sphinx-better-theme (>=0.1.4)", "mock", "types-protobuf (==3.19.13)", "types-requests (>=2.26.1,<3)", "types-setuptools (>=57.4.4,<58)", "mypy (==0.910)", "isort (>=4.2.15,<4.3.5)", "flake8 (==3.8.3)", "black (>=22.1.0,<23.0)", "py-geth (>=3.8.0,<4)", "eth-tester[py-evm] (==v0.6.0-beta.5)"]

[[package]]
name = "websockets"
version = "10.3"
description = "An implementation of the WebSocket Protocol (RFC 6455 & 7692)"
category = "main"
optional = false
python-versions = ">=3.7"

[[package]]
name = "yarl"
version = "1.8.1"
description = "Yet another URL library"
category = "main"
optional = false
python-versions = ">=3.7"

[package.dependencies]
idna = ">=2.0"
multidict = ">=4.0"

[metadata]
lock-version = "1.1"
python-versions = ">=3.10,<3.11"
content-hash = "88dc0e6bc49f2315c7b82fa60ef33d0766386386b273a5171fbce98bcbfdd3a2"

[metadata.files]
aiofiles = []
aiohttp = []
aiosignal = []
aiosqlite = []
anyio = []
async-timeout = []
atomicwrites = []
attrs = []
bandit = []
base58 = []
bitarray = []
black = []
certifi = []
charset-normalizer = []
click = []
colorama = []
commonmark = []
coverage = []
crytic-compile = []
cytoolz = []
eth-abi = []
eth-account = []
eth-hash = []
eth-keyfile = []
eth-keys = []
eth-rlp = []
eth-typing = []
eth-utils = []
flake8 = []
flake8-annotations = []
freezegun = []
frozenlist = []
gitdb = []
gitpython = []
h11 = []
hexbytes = []
httpcore = []
httptools = []
httpx = []
idna = []
iniconfig = []
ipfshttpclient = []
iso8601 = []
isort = []
jinja2 = []
jsonschema = []
lru-dict = []
markupsafe = []
mccabe = []
multiaddr = []
multidict = []
mypy = []
mypy-extensions = []
netaddr = []
packaging = []
parsimonious = []
pathspec = []
pbr = []
platformdirs = []
pluggy = []
pprintpp = []
prettytable = []
protobuf = []
py = []
pycodestyle = []
pycryptodome = []
pyflakes = []
pygments = []
pyparsing = []
pypika-tortoise = []
pyrsistent = []
pysha3 = []
pytest = []
pytest-asyncio = []
pytest-clarity = []
pytest-freezegun = []
pytest-sugar = []
python-dateutil = []
python-dotenv = []
pytz = []
pywin32 = []
pyyaml = []
requests = []
rfc3986 = []
rich = []
rlp = []
sanic = []
sanic-ext = []
sanic-routing = []
sanic-testing = []
six = []
slither-analyzer = []
smmap = []
sniffio = []
stevedore = []
termcolor = []
toml = []
tomli = []
toolz = []
tortoise-orm = []
typing-extensions = []
ujson = []
urllib3 = []
uvloop = []
varint = []
wcwidth = []
web3 = []
websockets = []
yarl = []
